# THIS IS AN AUTOGENERATED FILE. DO NOT EDIT THIS FILE DIRECTLY.
# yarn lockfile v1


"@babel/runtime@^7.9.2":
  version "7.15.3"
  resolved "https://registry.nlark.com/@babel/runtime/download/@babel/runtime-7.15.3.tgz#2e1c2880ca118e5b2f9988322bd8a7656a32502b"
  integrity sha1-LhwogMoRjlsvmYgyK9inZWoyUCs=
  dependencies:
    regenerator-runtime "^0.13.4"

redux@^4.1.1:
  version "4.1.1"
  resolved "https://registry.nlark.com/redux/download/redux-4.1.1.tgz#76f1c439bb42043f985fbd9bf21990e60bd67f47"
  integrity sha1-dvHEObtCBD+YX72b8hmQ5gvWf0c=
  dependencies:
    "@babel/runtime" "^7.9.2"

regenerator-runtime@^0.13.4:
  version "0.13.9"
  resolved "https://registry.nlark.com/regenerator-runtime/download/regenerator-runtime-0.13.9.tgz?cache=0&other_urls=https%3A%2F%2Fregistry.nlark.com%2Fregenerator-runtime%2Fdownload%2Fregenerator-runtime-0.13.9.tgz#8925742a98ffd90814988d7566ad30ca3b263b52"
  integrity sha1-iSV0Kpj/2QgUmI11Zq0wyjsmO1I=
