lockfileVersion: 5.4

specifiers:
  mockjs: ^1.1.0

dependencies:
  mockjs: registry.npmmirror.com/mockjs/1.1.0

packages:

  registry.npmmirror.com/commander/9.3.0:
    resolution: {integrity: sha512-hv95iU5uXPbK83mjrJKuZyFM/LBAoCV/XhVGkS5Je6tl7sxr6A0ITMw5WoRV46/UaJ46Nllm3Xt7IaJhXTIkzw==, registry: https://registry.npm.taobao.org/, tarball: https://registry.npmmirror.com/commander/-/commander-9.3.0.tgz}
    name: commander
    version: 9.3.0
    engines: {node: ^12.20.0 || >=14}
    dev: false

  registry.npmmirror.com/mockjs/1.1.0:
    resolution: {integrity: sha512-eQsKcWzIaZzEZ07NuEyO4Nw65g0hdWAyurVol1IPl1gahRwY+svqzfgfey8U8dahLwG44d6/RwEzuK52rSa/JQ==, registry: https://registry.npm.taobao.org/, tarball: https://registry.npmmirror.com/mockjs/-/mockjs-1.1.0.tgz}
    name: mockjs
    version: 1.1.0
    hasBin: true
    dependencies:
      commander: registry.npmmirror.com/commander/9.3.0
    dev: false
